// !$*UTF8*$!
{
	archiveVersion = 1;
	classes = {
	};
	objectVersion = 46;
	objects = {

/* Begin PBXBuildFile section */
		19A39F9E1AD6AC4C0052AEB8 /* AppDelegate.swift in Sources */ = {isa = PBXBuildFile; fileRef = 19A39F9D1AD6AC4C0052AEB8 /* AppDelegate.swift */; };
		19A39FA01AD6AC4C0052AEB8 /* ViewController.swift in Sources */ = {isa = PBXBuildFile; fileRef = 19A39F9F1AD6AC4C0052AEB8 /* ViewController.swift */; };
		19A39FA31AD6AC4C0052AEB8 /* Main.storyboard in Resources */ = {isa = PBXBuildFile; fileRef = 19A39FA11AD6AC4C0052AEB8 /* Main.storyboard */; };
		19A39FA51AD6AC4C0052AEB8 /* Images.xcassets in Resources */ = {isa = PBXBuildFile; fileRef = 19A39FA41AD6AC4C0052AEB8 /* Images.xcassets */; };
		19A39FA81AD6AC4C0052AEB8 /* LaunchScreen.xib in Resources */ = {isa = PBXBuildFile; fileRef = 19A39FA61AD6AC4C0052AEB8 /* LaunchScreen.xib */; };
		19A39FB41AD6AC4C0052AEB8 /* ClutchTests.swift in Sources */ = {isa = PBXBuildFile; fileRef = 19A39FB31AD6AC4C0052AEB8 /* ClutchTests.swift */; };
/* End PBXBuildFile section */

/* Begin PBXContainerItemProxy section */
		19A39FAE1AD6AC4C0052AEB8 /* PBXContainerItemProxy */ = {
			isa = PBXContainerItemProxy;
			containerPortal = 19A39F901AD6AC4C0052AEB8 /* Project object */;
			proxyType = 1;
			remoteGlobalIDString = 19A39F971AD6AC4C0052AEB8;
			remoteInfo = Clutch;
		};
/* End PBXContainerItemProxy section */

/* Begin PBXFileReference section */
		19A39F981AD6AC4C0052AEB8 /* Clutch.app */ = {isa = PBXFileReference; explicitFileType = wrapper.application; includeInIndex = 0; path = Clutch.app; sourceTree = BUILT_PRODUCTS_DIR; };
		19A39F9C1AD6AC4C0052AEB8 /* Info.plist */ = {isa = PBXFileReference; lastKnownFileType = text.plist.xml; path = Info.plist; sourceTree = "<group>"; };
		19A39F9D1AD6AC4C0052AEB8 /* AppDelegate.swift */ = {isa = PBXFileReference; lastKnownFileType = sourcecode.swift; path = AppDelegate.swift; sourceTree = "<group>"; };
		19A39F9F1AD6AC4C0052AEB8 /* ViewController.swift */ = {isa = PBXFileReference; lastKnownFileType = sourcecode.swift; path = ViewController.swift; sourceTree = "<group>"; };
		19A39FA21AD6AC4C0052AEB8 /* Base */ = {isa = PBXFileReference; lastKnownFileType = file.storyboard; name = Base; path = Base.lproj/Main.storyboard; sourceTree = "<group>"; };
		19A39FA41AD6AC4C0052AEB8 /* Images.xcassets */ = {isa = PBXFileReference; lastKnownFileType = folder.assetcatalog; path = Images.xcassets; sourceTree = "<group>"; };
		19A39FA71AD6AC4C0052AEB8 /* Base */ = {isa = PBXFileReference; lastKnownFileType = file.xib; name = Base; path = Base.lproj/LaunchScreen.xib; sourceTree = "<group>"; };
		19A39FAD1AD6AC4C0052AEB8 /* ClutchTests.xctest */ = {isa = PBXFileReference; explicitFileType = wrapper.cfbundle; includeInIndex = 0; path = ClutchTests.xctest; sourceTree = BUILT_PRODUCTS_DIR; };
		19A39FB21AD6AC4C0052AEB8 /* Info.plist */ = {isa = PBXFileReference; lastKnownFileType = text.plist.xml; path = Info.plist; sourceTree = "<group>"; };
		19A39FB31AD6AC4C0052AEB8 /* ClutchTests.swift */ = {isa = PBXFileReference; lastKnownFileType = sourcecode.swift; path = ClutchTests.swift; sourceTree = "<group>"; };
/* End PBXFileReference section */

/* Begin PBXFrameworksBuildPhase section */
		19A39F951AD6AC4C0052AEB8 /* Frameworks */ = {
			isa = PBXFrameworksBuildPhase;
			buildActionMask = 2147483647;
			files = (
			);
			runOnlyForDeploymentPostprocessing = 0;
		};
		19A39FAA1AD6AC4C0052AEB8 /* Frameworks */ = {
			isa = PBXFrameworksBuildPhase;
			buildActionMask = 2147483647;
			files = (
			);
			runOnlyForDeploymentPostprocessing = 0;
		};
/* End PBXFrameworksBuildPhase section */

/* Begin PBXGroup section */
		19A39F8F1AD6AC4C0052AEB8 = {
			isa = PBXGroup;
			children = (
				19A39F9A1AD6AC4C0052AEB8 /* Clutch */,
				19A39FB01AD6AC4C0052AEB8 /* ClutchTests */,
				19A39F991AD6AC4C0052AEB8 /* Products */,
			);
			sourceTree = "<group>";
		};
		19A39F991AD6AC4C0052AEB8 /* Products */ = {
			isa = PBXGroup;
			children = (
				19A39F981AD6AC4C0052AEB8 /* Clutch.app */,
				19A39FAD1AD6AC4C0052AEB8 /* ClutchTests.xctest */,
			);
			name = Products;
			sourceTree = "<group>";
		};
		19A39F9A1AD6AC4C0052AEB8 /* Clutch */ = {
			isa = PBXGroup;
			children = (
				19A39F9D1AD6AC4C0052AEB8 /* AppDelegate.swift */,
				19A39F9F1AD6AC4C0052AEB8 /* ViewController.swift */,
				19A39FA11AD6AC4C0052AEB8 /* Main.storyboard */,
				19A39FA41AD6AC4C0052AEB8 /* Images.xcassets */,
				19A39FA61AD6AC4C0052AEB8 /* LaunchScreen.xib */,
				19A39F9B1AD6AC4C0052AEB8 /* Supporting Files */,
			);
			path = Clutch;
			sourceTree = "<group>";
		};
		19A39F9B1AD6AC4C0052AEB8 /* Supporting Files */ = {
			isa = PBXGroup;
			children = (
				19A39F9C1AD6AC4C0052AEB8 /* Info.plist */,
			);
			name = "Supporting Files";
			sourceTree = "<group>";
		};
		19A39FB01AD6AC4C0052AEB8 /* ClutchTests */ = {
			isa = PBXGroup;
			children = (
				19A39FB31AD6AC4C0052AEB8 /* ClutchTests.swift */,
				19A39FB11AD6AC4C0052AEB8 /* Supporting Files */,
			);
			path = ClutchTests;
			sourceTree = "<group>";
		};
		19A39FB11AD6AC4C0052AEB8 /* Supporting Files */ = {
			isa = PBXGroup;
			children = (
				19A39FB21AD6AC4C0052AEB8 /* Info.plist */,
			);
			name = "Supporting Files";
			sourceTree = "<group>";
		};
/* End PBXGroup section */

/* Begin PBXNativeTarget section */
		19A39F971AD6AC4C0052AEB8 /* Clutch */ = {
			isa = PBXNativeTarget;
			buildConfigurationList = 19A39FB71AD6AC4C0052AEB8 /* Build configuration list for PBXNativeTarget "Clutch" */;
			buildPhases = (
				19A39F941AD6AC4C0052AEB8 /* Sources */,
				19A39F951AD6AC4C0052AEB8 /* Frameworks */,
				19A39F961AD6AC4C0052AEB8 /* Resources */,
			);
			buildRules = (
			);
			dependencies = (
			);
			name = Clutch;
			productName = Clutch;
			productReference = 19A39F981AD6AC4C0052AEB8 /* Clutch.app */;
			productType = "com.apple.product-type.application";
		};
		19A39FAC1AD6AC4C0052AEB8 /* ClutchTests */ = {
			isa = PBXNativeTarget;
			buildConfigurationList = 19A39FBA1AD6AC4C0052AEB8 /* Build configuration list for PBXNativeTarget "ClutchTests" */;
			buildPhases = (
				19A39FA91AD6AC4C0052AEB8 /* Sources */,
				19A39FAA1AD6AC4C0052AEB8 /* Frameworks */,
				19A39FAB1AD6AC4C0052AEB8 /* Resources */,
			);
			buildRules = (
			);
			dependencies = (
				19A39FAF1AD6AC4C0052AEB8 /* PBXTargetDependency */,
			);
			name = ClutchTests;
			productName = ClutchTests;
			productReference = 19A39FAD1AD6AC4C0052AEB8 /* ClutchTests.xctest */;
			productType = "com.apple.product-type.bundle.unit-test";
		};
/* End PBXNativeTarget section */

/* Begin PBXProject section */
		19A39F901AD6AC4C0052AEB8 /* Project object */ = {
			isa = PBXProject;
			attributes = {
				LastUpgradeCheck = 0630;
				ORGANIZATIONNAME = clintApps;
				TargetAttributes = {
					19A39F971AD6AC4C0052AEB8 = {
						CreatedOnToolsVersion = 6.3;
					};
					19A39FAC1AD6AC4C0052AEB8 = {
						CreatedOnToolsVersion = 6.3;
						TestTargetID = 19A39F971AD6AC4C0052AEB8;
					};
				};
			};
			buildConfigurationList = 19A39F931AD6AC4C0052AEB8 /* Build configuration list for PBXProject "Clutch" */;
			compatibilityVersion = "Xcode 3.2";
			developmentRegion = English;
			hasScannedForEncodings = 0;
			knownRegions = (
				en,
				Base,
			);
			mainGroup = 19A39F8F1AD6AC4C0052AEB8;
			productRefGroup = 19A39F991AD6AC4C0052AEB8 /* Products */;
			projectDirPath = "";
			projectRoot = "";
			targets = (
				19A39F971AD6AC4C0052AEB8 /* Clutch */,
				19A39FAC1AD6AC4C0052AEB8 /* ClutchTests */,
			);
		};
/* End PBXProject section */

/* Begin PBXResourcesBuildPhase section */
		19A39F961AD6AC4C0052AEB8 /* Resources */ = {
			isa = PBXResourcesBuildPhase;
			buildActionMask = 2147483647;
			files = (
				19A39FA31AD6AC4C0052AEB8 /* Main.storyboard in Resources */,
				19A39FA81AD6AC4C0052AEB8 /* LaunchScreen.xib in Resources */,
				19A39FA51AD6AC4C0052AEB8 /* Images.xcassets in Resources */,
			);
			runOnlyForDeploymentPostprocessing = 0;
		};
		19A39FAB1AD6AC4C0052AEB8 /* Resources */ = {
			isa = PBXResourcesBuildPhase;
			buildActionMask = 2147483647;
			files = (
			);
			runOnlyForDeploymentPostprocessing = 0;
		};
/* End PBXResourcesBuildPhase section */

/* Begin PBXSourcesBuildPhase section */
		19A39F941AD6AC4C0052AEB8 /* Sources */ = {
			isa = PBXSourcesBuildPhase;
			buildActionMask = 2147483647;
			files = (
				19A39FA01AD6AC4C0052AEB8 /* ViewController.swift in Sources */,
				19A39F9E1AD6AC4C0052AEB8 /* AppDelegate.swift in Sources */,
			);
			runOnlyForDeploymentPostprocessing = 0;
		};
		19A39FA91AD6AC4C0052AEB8 /* Sources */ = {
			isa = PBXSourcesBuildPhase;
			buildActionMask = 2147483647;
			files = (
				19A39FB41AD6AC4C0052AEB8 /* ClutchTests.swift in Sources */,
			);
			runOnlyForDeploymentPostprocessing = 0;
		};
/* End PBXSourcesBuildPhase section */

/* Begin PBXTargetDependency section */
		19A39FAF1AD6AC4C0052AEB8 /* PBXTargetDependency */ = {
			isa = PBXTargetDependency;
			target = 19A39F971AD6AC4C0052AEB8 /* Clutch */;
			targetProxy = 19A39FAE1AD6AC4C0052AEB8 /* PBXContainerItemProxy */;
		};
/* End PBXTargetDependency section */

/* Begin PBXVariantGroup section */
		19A39FA11AD6AC4C0052AEB8 /* Main.storyboard */ = {
			isa = PBXVariantGroup;
			children = (
				19A39FA21AD6AC4C0052AEB8 /* Base */,
			);
			name = Main.storyboard;
			sourceTree = "<group>";
		};
		19A39FA61AD6AC4C0052AEB8 /* LaunchScreen.xib */ = {
			isa = PBXVariantGroup;
			children = (
				19A39FA71AD6AC4C0052AEB8 /* Base */,
			);
			name = LaunchScreen.xib;
			sourceTree = "<group>";
		};
/* End PBXVariantGroup section */

/* Begin XCBuildConfiguration section */
		19A39FB51AD6AC4C0052AEB8 /* Debug */ = {
			isa = XCBuildConfiguration;
			buildSettings = {
				ALWAYS_SEARCH_USER_PATHS = NO;
				CLANG_CXX_LANGUAGE_STANDARD = "gnu++0x";
				CLANG_CXX_LIBRARY = "libc++";
				CLANG_ENABLE_MODULES = YES;
				CLANG_ENABLE_OBJC_ARC = YES;
				CLANG_WARN_BOOL_CONVERSION = YES;
				CLANG_WARN_CONSTANT_CONVERSION = YES;
				CLANG_WARN_DIRECT_OBJC_ISA_USAGE = YES_ERROR;
				CLANG_WARN_EMPTY_BODY = YES;
				CLANG_WARN_ENUM_CONVERSION = YES;
				CLANG_WARN_INT_CONVERSION = YES;
				CLANG_WARN_OBJC_ROOT_CLASS = YES_ERROR;
				CLANG_WARN_UNREACHABLE_CODE = YES;
				CLANG_WARN__DUPLICATE_METHOD_MATCH = YES;
				"CODE_SIGN_IDENTITY[sdk=iphoneos*]" = "iPhone Developer";
				COPY_PHASE_STRIP = NO;
				DEBUG_INFORMATION_FORMAT = "dwarf-with-dsym";
				ENABLE_STRICT_OBJC_MSGSEND = YES;
				GCC_C_LANGUAGE_STANDARD = gnu99;
				GCC_DYNAMIC_NO_PIC = NO;
				GCC_NO_COMMON_BLOCKS = YES;
				GCC_OPTIMIZATION_LEVEL = 0;
				GCC_PREPROCESSOR_DEFINITIONS = (
					"DEBUG=1",
					"$(inherited)",
				);
				GCC_SYMBOLS_PRIVATE_EXTERN = NO;
				GCC_WARN_64_TO_32_BIT_CONVERSION = YES;
				GCC_WARN_ABOUT_RETURN_TYPE = YES_ERROR;
				GCC_WARN_UNDECLARED_SELECTOR = YES;
				GCC_WARN_UNINITIALIZED_AUTOS = YES_AGGRESSIVE;
				GCC_WARN_UNUSED_FUNCTION = YES;
				GCC_WARN_UNUSED_VARIABLE = YES;
				IPHONEOS_DEPLOYMENT_TARGET = 8.3;
				MTL_ENABLE_DEBUG_INFO = YES;
				ONLY_ACTIVE_ARCH = YES;
				SDKROOT = iphoneos;
				SWIFT_OPTIMIZATION_LEVEL = "-Onone";
			};
			name = Debug;
		};
		19A39FB61AD6AC4C0052AEB8 /* Release */ = {
			isa = XCBuildConfiguration;
			buildSettings = {
				ALWAYS_SEARCH_USER_PATHS = NO;
				CLANG_CXX_LANGUAGE_STANDARD = "gnu++0x";
				CLANG_CXX_LIBRARY = "libc++";
				CLANG_ENABLE_MODULES = YES;
				CLANG_ENABLE_OBJC_ARC = YES;
				CLANG_WARN_BOOL_CONVERSION = YES;
				CLANG_WARN_CONSTANT_CONVERSION = YES;
				CLANG_WARN_DIRECT_OBJC_ISA_USAGE = YES_ERROR;
				CLANG_WARN_EMPTY_BODY = YES;
				CLANG_WARN_ENUM_CONVERSION = YES;
				CLANG_WARN_INT_CONVERSION = YES;
				CLANG_WARN_OBJC_ROOT_CLASS = YES_ERROR;
				CLANG_WARN_UNREACHABLE_CODE = YES;
				CLANG_WARN__DUPLICATE_METHOD_MATCH = YES;
				"CODE_SIGN_IDENTITY[sdk=iphoneos*]" = "iPhone Developer";
				COPY_PHASE_STRIP = NO;
				DEBUG_INFORMATION_FORMAT = "dwarf-with-dsym";
				ENABLE_NS_ASSERTIONS = NO;
				ENABLE_STRICT_OBJC_MSGSEND = YES;
				GCC_C_LANGUAGE_STANDARD = gnu99;
				GCC_NO_COMMON_BLOCKS = YES;
				GCC_WARN_64_TO_32_BIT_CONVERSION = YES;
				GCC_WARN_ABOUT_RETURN_TYPE = YES_ERROR;
				GCC_WARN_UNDECLARED_SELECTOR = YES;
				GCC_WARN_UNINITIALIZED_AUTOS = YES_AGGRESSIVE;
				GCC_WARN_UNUSED_FUNCTION = YES;
				GCC_WARN_UNUSED_VARIABLE = YES;
				IPHONEOS_DEPLOYMENT_TARGET = 8.3;
				MTL_ENABLE_DEBUG_INFO = NO;
				SDKROOT = iphoneos;
				VALIDATE_PRODUCT = YES;
			};
			name = Release;
		};
		19A39FB81AD6AC4C0052AEB8 /* Debug */ = {
			isa = XCBuildConfiguration;
			buildSettings = {
				ASSETCATALOG_COMPILER_APPICON_NAME = AppIcon;
				INFOPLIST_FILE = Clutch/Info.plist;
				LD_RUNPATH_SEARCH_PATHS = "$(inherited) @executable_path/Frameworks";
				PRODUCT_NAME = "$(TARGET_NAME)";
			};
			name = Debug;
		};
		19A39FB91AD6AC4C0052AEB8 /* Release */ = {
			isa = XCBuildConfiguration;
			buildSettings = {
				ASSETCATALOG_COMPILER_APPICON_NAME = AppIcon;
				INFOPLIST_FILE = Clutch/Info.plist;
				LD_RUNPATH_SEARCH_PATHS = "$(inherited) @executable_path/Frameworks";
				PRODUCT_NAME = "$(TARGET_NAME)";
			};
			name = Release;
		};
		19A39FBB1AD6AC4C0052AEB8 /* Debug */ = {
			isa = XCBuildConfiguration;
			buildSettings = {
				BUNDLE_LOADER = "$(TEST_HOST)";
				FRAMEWORK_SEARCH_PATHS = (
					"$(SDKROOT)/Developer/Library/Frameworks",
					"$(inherited)",
				);
				GCC_PREPROCESSOR_DEFINITIONS = (
					"DEBUG=1",
					"$(inherited)",
				);
				INFOPLIST_FILE = ClutchTests/Info.plist;
				LD_RUNPATH_SEARCH_PATHS = "$(inherited) @executable_path/Frameworks @loader_path/Frameworks";
				PRODUCT_NAME = "$(TARGET_NAME)";
				TEST_HOST = "$(BUILT_PRODUCTS_DIR)/Clutch.app/Clutch";
			};
			name = Debug;
		};
		19A39FBC1AD6AC4C0052AEB8 /* Release */ = {
			isa = XCBuildConfiguration;
			buildSettings = {
				BUNDLE_LOADER = "$(TEST_HOST)";
				FRAMEWORK_SEARCH_PATHS = (
					"$(SDKROOT)/Developer/Library/Frameworks",
					"$(inherited)",
				);
				INFOPLIST_FILE = ClutchTests/Info.plist;
				LD_RUNPATH_SEARCH_PATHS = "$(inherited) @executable_path/Frameworks @loader_path/Frameworks";
				PRODUCT_NAME = "$(TARGET_NAME)";
				TEST_HOST = "$(BUILT_PRODUCTS_DIR)/Clutch.app/Clutch";
			};
			name = Release;
		};
/* End XCBuildConfiguration section */

/* Begin XCConfigurationList section */
		19A39F931AD6AC4C0052AEB8 /* Build configuration list for PBXProject "Clutch" */ = {
			isa = XCConfigurationList;
			buildConfigurations = (
				19A39FB51AD6AC4C0052AEB8 /* Debug */,
				19A39FB61AD6AC4C0052AEB8 /* Release */,
			);
			defaultConfigurationIsVisible = 0;
			defaultConfigurationName = Release;
		};
		19A39FB71AD6AC4C0052AEB8 /* Build configuration list for PBXNativeTarget "Clutch" */ = {
			isa = XCConfigurationList;
			buildConfigurations = (
				19A39FB81AD6AC4C0052AEB8 /* Debug */,
				19A39FB91AD6AC4C0052AEB8 /* Release */,
			);
			defaultConfigurationIsVisible = 0;
		};
		19A39FBA1AD6AC4C0052AEB8 /* Build configuration list for PBXNativeTarget "ClutchTests" */ = {
			isa = XCConfigurationList;
			buildConfigurations = (
				19A39FBB1AD6AC4C0052AEB8 /* Debug */,
				19A39FBC1AD6AC4C0052AEB8 /* Release */,
			);
			defaultConfigurationIsVisible = 0;
		};
/* End XCConfigurationList section */
	};
	rootObject = 19A39F901AD6AC4C0052AEB8 /* Project object */;
}
