// !$*UTF8*$!
{
	archiveVersion = 1;
	classes = {
	};
	objectVersion = 46;
	objects = {

/* Begin PBXBuildFile section */
		19184FFA1AE0791200056921 /* manufacturerCell.swift in Sources */ = {isa = PBXBuildFile; fileRef = 19184FF91AE0791200056921 /* manufacturerCell.swift */; };
		19184FFC1AE0855100056921 /* ParseUI.framework in Frameworks */ = {isa = PBXBuildFile; fileRef = 19184FFB1AE0855100056921 /* ParseUI.framework */; };
		19267F7C1AF69CD30019234A /* models.swift in Sources */ = {isa = PBXBuildFile; fileRef = 19267F7B1AF69CD30019234A /* models.swift */; };
		19267F7E1AF6AE100019234A /* modelCell.swift in Sources */ = {isa = PBXBuildFile; fileRef = 19267F7D1AF6AE100019234A /* modelCell.swift */; };
		19267F8A1AF9330C0019234A /* navigation.swift in Sources */ = {isa = PBXBuildFile; fileRef = 19267F891AF9330C0019234A /* navigation.swift */; };
		19267FBA1AFACBD30019234A /* modelDetail.swift in Sources */ = {isa = PBXBuildFile; fileRef = 19267FB91AFACBD30019234A /* modelDetail.swift */; };
		1992C7B01B65A75300FEF8B4 /* x.gif in Resources */ = {isa = PBXBuildFile; fileRef = 1992C7AF1B65A75300FEF8B4 /* x.gif */; };
		1992C7B31B65AC7C00FEF8B4 /* leftarrow.png in Resources */ = {isa = PBXBuildFile; fileRef = 1992C7B11B65AC7C00FEF8B4 /* leftarrow.png */; };
		1992C7B41B65AC7C00FEF8B4 /* rightarrow.png in Resources */ = {isa = PBXBuildFile; fileRef = 1992C7B21B65AC7C00FEF8B4 /* rightarrow.png */; };
		19A39F9E1AD6AC4C0052AEB8 /* AppDelegate.swift in Sources */ = {isa = PBXBuildFile; fileRef = 19A39F9D1AD6AC4C0052AEB8 /* AppDelegate.swift */; };
		19A39FA51AD6AC4C0052AEB8 /* Images.xcassets in Resources */ = {isa = PBXBuildFile; fileRef = 19A39FA41AD6AC4C0052AEB8 /* Images.xcassets */; };
		19A39FA81AD6AC4C0052AEB8 /* LaunchScreen.xib in Resources */ = {isa = PBXBuildFile; fileRef = 19A39FA61AD6AC4C0052AEB8 /* LaunchScreen.xib */; };
		19A39FB41AD6AC4C0052AEB8 /* ClutchTests.swift in Sources */ = {isa = PBXBuildFile; fileRef = 19A39FB31AD6AC4C0052AEB8 /* ClutchTests.swift */; };
		19B004401AD6F61200E59402 /* AudioToolbox.framework in Frameworks */ = {isa = PBXBuildFile; fileRef = 19B0043F1AD6F61200E59402 /* AudioToolbox.framework */; };
		19B004421AD6F62400E59402 /* CFNetwork.framework in Frameworks */ = {isa = PBXBuildFile; fileRef = 19B004411AD6F62400E59402 /* CFNetwork.framework */; };
		19B004441AD6F62900E59402 /* CoreGraphics.framework in Frameworks */ = {isa = PBXBuildFile; fileRef = 19B004431AD6F62900E59402 /* CoreGraphics.framework */; };
		19B004461AD6F63400E59402 /* CoreLocation.framework in Frameworks */ = {isa = PBXBuildFile; fileRef = 19B004451AD6F63400E59402 /* CoreLocation.framework */; };
		19B004481AD6F63B00E59402 /* MobileCoreServices.framework in Frameworks */ = {isa = PBXBuildFile; fileRef = 19B004471AD6F63B00E59402 /* MobileCoreServices.framework */; };
		19B0044A1AD6F64500E59402 /* QuartzCore.framework in Frameworks */ = {isa = PBXBuildFile; fileRef = 19B004491AD6F64500E59402 /* QuartzCore.framework */; };
		19B0044C1AD6F64C00E59402 /* Security.framework in Frameworks */ = {isa = PBXBuildFile; fileRef = 19B0044B1AD6F64C00E59402 /* Security.framework */; };
		19B0044E1AD6F65700E59402 /* StoreKit.framework in Frameworks */ = {isa = PBXBuildFile; fileRef = 19B0044D1AD6F65700E59402 /* StoreKit.framework */; };
		19B004501AD6F66000E59402 /* SystemConfiguration.framework in Frameworks */ = {isa = PBXBuildFile; fileRef = 19B0044F1AD6F66000E59402 /* SystemConfiguration.framework */; };
		19B004521AD6F67500E59402 /* libz.dylib in Frameworks */ = {isa = PBXBuildFile; fileRef = 19B004511AD6F67500E59402 /* libz.dylib */; };
		19B004541AD6F68E00E59402 /* libsqlite3.dylib in Frameworks */ = {isa = PBXBuildFile; fileRef = 19B004531AD6F68E00E59402 /* libsqlite3.dylib */; };
		19B004571AD8295D00E59402 /* Bolts.framework in Frameworks */ = {isa = PBXBuildFile; fileRef = 19B004551AD8295D00E59402 /* Bolts.framework */; };
		19B004581AD8295D00E59402 /* Parse.framework in Frameworks */ = {isa = PBXBuildFile; fileRef = 19B004561AD8295D00E59402 /* Parse.framework */; };
		19BD2D951B1E5C860028D8D3 /* multiple.swift in Sources */ = {isa = PBXBuildFile; fileRef = 19BD2D941B1E5C860028D8D3 /* multiple.swift */; };
		19BD2D971B1E5E320028D8D3 /* multipleCell.swift in Sources */ = {isa = PBXBuildFile; fileRef = 19BD2D961B1E5E320028D8D3 /* multipleCell.swift */; };
		19BD2D9B1B1E61490028D8D3 /* Main.storyboard in Resources */ = {isa = PBXBuildFile; fileRef = 19BD2D9A1B1E61490028D8D3 /* Main.storyboard */; };
		19E7AFDF1B0D23AE00C34AAB /* home.png in Resources */ = {isa = PBXBuildFile; fileRef = 19E7AFDE1B0D23AE00C34AAB /* home.png */; };
		19E7AFE31B0D25A100C34AAB /* search.png in Resources */ = {isa = PBXBuildFile; fileRef = 19E7AFE21B0D25A100C34AAB /* search.png */; };
		19E7AFE51B0D262500C34AAB /* list.png in Resources */ = {isa = PBXBuildFile; fileRef = 19E7AFE41B0D262500C34AAB /* list.png */; };
		19E7AFE71B0D2C0C00C34AAB /* person.png in Resources */ = {isa = PBXBuildFile; fileRef = 19E7AFE61B0D2C0C00C34AAB /* person.png */; };
		19E7D79A1AD84369001D972F /* Splash Screen 2.png in Resources */ = {isa = PBXBuildFile; fileRef = 19E7D7991AD84369001D972F /* Splash Screen 2.png */; };
		19E7D7CD1AD858B7001D972F /* carholder.png in Resources */ = {isa = PBXBuildFile; fileRef = 19E7D7CC1AD858B7001D972F /* carholder.png */; };
		19E7D7D11ADC1BBF001D972F /* manufacturers.swift in Sources */ = {isa = PBXBuildFile; fileRef = 19E7D7D01ADC1BBF001D972F /* manufacturers.swift */; };
/* End PBXBuildFile section */

/* Begin PBXContainerItemProxy section */
		19A39FAE1AD6AC4C0052AEB8 /* PBXContainerItemProxy */ = {
			isa = PBXContainerItemProxy;
			containerPortal = 19A39F901AD6AC4C0052AEB8 /* Project object */;
			proxyType = 1;
			remoteGlobalIDString = 19A39F971AD6AC4C0052AEB8;
			remoteInfo = Clutch;
		};
/* End PBXContainerItemProxy section */

/* Begin PBXFileReference section */
		19184FF91AE0791200056921 /* manufacturerCell.swift */ = {isa = PBXFileReference; fileEncoding = 4; lastKnownFileType = sourcecode.swift; path = manufacturerCell.swift; sourceTree = "<group>"; };
		19184FFB1AE0855100056921 /* ParseUI.framework */ = {isa = PBXFileReference; lastKnownFileType = wrapper.framework; path = ParseUI.framework; sourceTree = "<group>"; };
		19267F7B1AF69CD30019234A /* models.swift */ = {isa = PBXFileReference; fileEncoding = 4; lastKnownFileType = sourcecode.swift; path = models.swift; sourceTree = "<group>"; };
		19267F7D1AF6AE100019234A /* modelCell.swift */ = {isa = PBXFileReference; fileEncoding = 4; lastKnownFileType = sourcecode.swift; path = modelCell.swift; sourceTree = "<group>"; };
		19267F891AF9330C0019234A /* navigation.swift */ = {isa = PBXFileReference; fileEncoding = 4; lastKnownFileType = sourcecode.swift; path = navigation.swift; sourceTree = "<group>"; };
		19267FB91AFACBD30019234A /* modelDetail.swift */ = {isa = PBXFileReference; fileEncoding = 4; lastKnownFileType = sourcecode.swift; path = modelDetail.swift; sourceTree = "<group>"; };
		1992C7AF1B65A75300FEF8B4 /* x.gif */ = {isa = PBXFileReference; lastKnownFileType = image.gif; path = x.gif; sourceTree = "<group>"; };
		1992C7B11B65AC7C00FEF8B4 /* leftarrow.png */ = {isa = PBXFileReference; lastKnownFileType = image.png; path = leftarrow.png; sourceTree = "<group>"; };
		1992C7B21B65AC7C00FEF8B4 /* rightarrow.png */ = {isa = PBXFileReference; lastKnownFileType = image.png; path = rightarrow.png; sourceTree = "<group>"; };
		19A39F981AD6AC4C0052AEB8 /* Clutch.app */ = {isa = PBXFileReference; explicitFileType = wrapper.application; includeInIndex = 0; path = Clutch.app; sourceTree = BUILT_PRODUCTS_DIR; };
		19A39F9C1AD6AC4C0052AEB8 /* Info.plist */ = {isa = PBXFileReference; lastKnownFileType = text.plist.xml; path = Info.plist; sourceTree = "<group>"; };
		19A39F9D1AD6AC4C0052AEB8 /* AppDelegate.swift */ = {isa = PBXFileReference; lastKnownFileType = sourcecode.swift; path = AppDelegate.swift; sourceTree = "<group>"; };
		19A39FA41AD6AC4C0052AEB8 /* Images.xcassets */ = {isa = PBXFileReference; lastKnownFileType = folder.assetcatalog; path = Images.xcassets; sourceTree = "<group>"; };
		19A39FA71AD6AC4C0052AEB8 /* Base */ = {isa = PBXFileReference; lastKnownFileType = file.xib; name = Base; path = Base.lproj/LaunchScreen.xib; sourceTree = "<group>"; };
		19A39FAD1AD6AC4C0052AEB8 /* ClutchTests.xctest */ = {isa = PBXFileReference; explicitFileType = wrapper.cfbundle; includeInIndex = 0; path = ClutchTests.xctest; sourceTree = BUILT_PRODUCTS_DIR; };
		19A39FB21AD6AC4C0052AEB8 /* Info.plist */ = {isa = PBXFileReference; lastKnownFileType = text.plist.xml; path = Info.plist; sourceTree = "<group>"; };
		19A39FB31AD6AC4C0052AEB8 /* ClutchTests.swift */ = {isa = PBXFileReference; lastKnownFileType = sourcecode.swift; path = ClutchTests.swift; sourceTree = "<group>"; };
		19B0043F1AD6F61200E59402 /* AudioToolbox.framework */ = {isa = PBXFileReference; lastKnownFileType = wrapper.framework; name = AudioToolbox.framework; path = System/Library/Frameworks/AudioToolbox.framework; sourceTree = SDKROOT; };
		19B004411AD6F62400E59402 /* CFNetwork.framework */ = {isa = PBXFileReference; lastKnownFileType = wrapper.framework; name = CFNetwork.framework; path = System/Library/Frameworks/CFNetwork.framework; sourceTree = SDKROOT; };
		19B004431AD6F62900E59402 /* CoreGraphics.framework */ = {isa = PBXFileReference; lastKnownFileType = wrapper.framework; name = CoreGraphics.framework; path = System/Library/Frameworks/CoreGraphics.framework; sourceTree = SDKROOT; };
		19B004451AD6F63400E59402 /* CoreLocation.framework */ = {isa = PBXFileReference; lastKnownFileType = wrapper.framework; name = CoreLocation.framework; path = System/Library/Frameworks/CoreLocation.framework; sourceTree = SDKROOT; };
		19B004471AD6F63B00E59402 /* MobileCoreServices.framework */ = {isa = PBXFileReference; lastKnownFileType = wrapper.framework; name = MobileCoreServices.framework; path = System/Library/Frameworks/MobileCoreServices.framework; sourceTree = SDKROOT; };
		19B004491AD6F64500E59402 /* QuartzCore.framework */ = {isa = PBXFileReference; lastKnownFileType = wrapper.framework; name = QuartzCore.framework; path = System/Library/Frameworks/QuartzCore.framework; sourceTree = SDKROOT; };
		19B0044B1AD6F64C00E59402 /* Security.framework */ = {isa = PBXFileReference; lastKnownFileType = wrapper.framework; name = Security.framework; path = System/Library/Frameworks/Security.framework; sourceTree = SDKROOT; };
		19B0044D1AD6F65700E59402 /* StoreKit.framework */ = {isa = PBXFileReference; lastKnownFileType = wrapper.framework; name = StoreKit.framework; path = System/Library/Frameworks/StoreKit.framework; sourceTree = SDKROOT; };
		19B0044F1AD6F66000E59402 /* SystemConfiguration.framework */ = {isa = PBXFileReference; lastKnownFileType = wrapper.framework; name = SystemConfiguration.framework; path = System/Library/Frameworks/SystemConfiguration.framework; sourceTree = SDKROOT; };
		19B004511AD6F67500E59402 /* libz.dylib */ = {isa = PBXFileReference; lastKnownFileType = "compiled.mach-o.dylib"; name = libz.dylib; path = usr/lib/libz.dylib; sourceTree = SDKROOT; };
		19B004531AD6F68E00E59402 /* libsqlite3.dylib */ = {isa = PBXFileReference; lastKnownFileType = "compiled.mach-o.dylib"; name = libsqlite3.dylib; path = usr/lib/libsqlite3.dylib; sourceTree = SDKROOT; };
		19B004551AD8295D00E59402 /* Bolts.framework */ = {isa = PBXFileReference; lastKnownFileType = wrapper.framework; path = Bolts.framework; sourceTree = "<group>"; };
		19B004561AD8295D00E59402 /* Parse.framework */ = {isa = PBXFileReference; lastKnownFileType = wrapper.framework; path = Parse.framework; sourceTree = "<group>"; };
		19BD2D941B1E5C860028D8D3 /* multiple.swift */ = {isa = PBXFileReference; fileEncoding = 4; lastKnownFileType = sourcecode.swift; path = multiple.swift; sourceTree = "<group>"; wrapsLines = 1; };
		19BD2D961B1E5E320028D8D3 /* multipleCell.swift */ = {isa = PBXFileReference; fileEncoding = 4; lastKnownFileType = sourcecode.swift; path = multipleCell.swift; sourceTree = "<group>"; };
		19BD2D9A1B1E61490028D8D3 /* Main.storyboard */ = {isa = PBXFileReference; fileEncoding = 4; lastKnownFileType = file.storyboard; path = Main.storyboard; sourceTree = "<group>"; };
		19E7AFDE1B0D23AE00C34AAB /* home.png */ = {isa = PBXFileReference; lastKnownFileType = image.png; path = home.png; sourceTree = "<group>"; };
		19E7AFE21B0D25A100C34AAB /* search.png */ = {isa = PBXFileReference; lastKnownFileType = image.png; path = search.png; sourceTree = "<group>"; };
		19E7AFE41B0D262500C34AAB /* list.png */ = {isa = PBXFileReference; lastKnownFileType = image.png; path = list.png; sourceTree = "<group>"; };
		19E7AFE61B0D2C0C00C34AAB /* person.png */ = {isa = PBXFileReference; lastKnownFileType = image.png; path = person.png; sourceTree = "<group>"; };
		19E7D7991AD84369001D972F /* Splash Screen 2.png */ = {isa = PBXFileReference; lastKnownFileType = image.png; path = "Splash Screen 2.png"; sourceTree = "<group>"; };
		19E7D7CC1AD858B7001D972F /* carholder.png */ = {isa = PBXFileReference; lastKnownFileType = image.png; path = carholder.png; sourceTree = "<group>"; };
		19E7D7D01ADC1BBF001D972F /* manufacturers.swift */ = {isa = PBXFileReference; fileEncoding = 4; lastKnownFileType = sourcecode.swift; name = manufacturers.swift; path = ../manufacturers.swift; sourceTree = "<group>"; };
/* End PBXFileReference section */

/* Begin PBXFrameworksBuildPhase section */
		19A39F951AD6AC4C0052AEB8 /* Frameworks */ = {
			isa = PBXFrameworksBuildPhase;
			buildActionMask = 2147483647;
			files = (
				19B004541AD6F68E00E59402 /* libsqlite3.dylib in Frameworks */,
				19B004521AD6F67500E59402 /* libz.dylib in Frameworks */,
				19184FFC1AE0855100056921 /* ParseUI.framework in Frameworks */,
				19B004501AD6F66000E59402 /* SystemConfiguration.framework in Frameworks */,
				19B004571AD8295D00E59402 /* Bolts.framework in Frameworks */,
				19B0044E1AD6F65700E59402 /* StoreKit.framework in Frameworks */,
				19B0044C1AD6F64C00E59402 /* Security.framework in Frameworks */,
				19B004581AD8295D00E59402 /* Parse.framework in Frameworks */,
				19B0044A1AD6F64500E59402 /* QuartzCore.framework in Frameworks */,
				19B004481AD6F63B00E59402 /* MobileCoreServices.framework in Frameworks */,
				19B004461AD6F63400E59402 /* CoreLocation.framework in Frameworks */,
				19B004441AD6F62900E59402 /* CoreGraphics.framework in Frameworks */,
				19B004421AD6F62400E59402 /* CFNetwork.framework in Frameworks */,
				19B004401AD6F61200E59402 /* AudioToolbox.framework in Frameworks */,
			);
			runOnlyForDeploymentPostprocessing = 0;
		};
		19A39FAA1AD6AC4C0052AEB8 /* Frameworks */ = {
			isa = PBXFrameworksBuildPhase;
			buildActionMask = 2147483647;
			files = (
			);
			runOnlyForDeploymentPostprocessing = 0;
		};
/* End PBXFrameworksBuildPhase section */

/* Begin PBXGroup section */
		19A39F8F1AD6AC4C0052AEB8 = {
			isa = PBXGroup;
			children = (
				19B004531AD6F68E00E59402 /* libsqlite3.dylib */,
				19B004511AD6F67500E59402 /* libz.dylib */,
				19184FFB1AE0855100056921 /* ParseUI.framework */,
				19B004551AD8295D00E59402 /* Bolts.framework */,
				19B004561AD8295D00E59402 /* Parse.framework */,
				19B0044F1AD6F66000E59402 /* SystemConfiguration.framework */,
				19B0044D1AD6F65700E59402 /* StoreKit.framework */,
				19B0044B1AD6F64C00E59402 /* Security.framework */,
				19B004491AD6F64500E59402 /* QuartzCore.framework */,
				19B004471AD6F63B00E59402 /* MobileCoreServices.framework */,
				19B004451AD6F63400E59402 /* CoreLocation.framework */,
				19B004431AD6F62900E59402 /* CoreGraphics.framework */,
				19B004411AD6F62400E59402 /* CFNetwork.framework */,
				19B0043F1AD6F61200E59402 /* AudioToolbox.framework */,
				19A39F9A1AD6AC4C0052AEB8 /* Clutch */,
				19A39FB01AD6AC4C0052AEB8 /* ClutchTests */,
				19A39F991AD6AC4C0052AEB8 /* Products */,
			);
			sourceTree = "<group>";
		};
		19A39F991AD6AC4C0052AEB8 /* Products */ = {
			isa = PBXGroup;
			children = (
				19A39F981AD6AC4C0052AEB8 /* Clutch.app */,
				19A39FAD1AD6AC4C0052AEB8 /* ClutchTests.xctest */,
			);
			name = Products;
			sourceTree = "<group>";
		};
		19A39F9A1AD6AC4C0052AEB8 /* Clutch */ = {
			isa = PBXGroup;
			children = (
				19E7D79B1AD84371001D972F /* Assets */,
				19A39F9D1AD6AC4C0052AEB8 /* AppDelegate.swift */,
				19267F891AF9330C0019234A /* navigation.swift */,
				19E7D7D01ADC1BBF001D972F /* manufacturers.swift */,
				19184FF91AE0791200056921 /* manufacturerCell.swift */,
				19267F7B1AF69CD30019234A /* models.swift */,
				19267F7D1AF6AE100019234A /* modelCell.swift */,
				19267FB91AFACBD30019234A /* modelDetail.swift */,
				19BD2D941B1E5C860028D8D3 /* multiple.swift */,
				19BD2D961B1E5E320028D8D3 /* multipleCell.swift */,
				19BD2D9A1B1E61490028D8D3 /* Main.storyboard */,
				19A39FA41AD6AC4C0052AEB8 /* Images.xcassets */,
				1992C7B11B65AC7C00FEF8B4 /* leftarrow.png */,
				1992C7B21B65AC7C00FEF8B4 /* rightarrow.png */,
				1992C7AF1B65A75300FEF8B4 /* x.gif */,
				19E7D7991AD84369001D972F /* Splash Screen 2.png */,
				19E7AFDE1B0D23AE00C34AAB /* home.png */,
				19E7AFE21B0D25A100C34AAB /* search.png */,
				19E7AFE41B0D262500C34AAB /* list.png */,
				19E7AFE61B0D2C0C00C34AAB /* person.png */,
				19A39FA61AD6AC4C0052AEB8 /* LaunchScreen.xib */,
				19A39F9B1AD6AC4C0052AEB8 /* Supporting Files */,
			);
			path = Clutch;
			sourceTree = "<group>";
		};
		19A39F9B1AD6AC4C0052AEB8 /* Supporting Files */ = {
			isa = PBXGroup;
			children = (
				19A39F9C1AD6AC4C0052AEB8 /* Info.plist */,
			);
			name = "Supporting Files";
			sourceTree = "<group>";
		};
		19A39FB01AD6AC4C0052AEB8 /* ClutchTests */ = {
			isa = PBXGroup;
			children = (
				19A39FB31AD6AC4C0052AEB8 /* ClutchTests.swift */,
				19A39FB11AD6AC4C0052AEB8 /* Supporting Files */,
			);
			path = ClutchTests;
			sourceTree = "<group>";
		};
		19A39FB11AD6AC4C0052AEB8 /* Supporting Files */ = {
			isa = PBXGroup;
			children = (
				19A39FB21AD6AC4C0052AEB8 /* Info.plist */,
			);
			name = "Supporting Files";
			sourceTree = "<group>";
		};
		19E7D79B1AD84371001D972F /* Assets */ = {
			isa = PBXGroup;
			children = (
				19E7D7CC1AD858B7001D972F /* carholder.png */,
			);
			name = Assets;
			sourceTree = "<group>";
		};
/* End PBXGroup section */

/* Begin PBXNativeTarget section */
		19A39F971AD6AC4C0052AEB8 /* Clutch */ = {
			isa = PBXNativeTarget;
			buildConfigurationList = 19A39FB71AD6AC4C0052AEB8 /* Build configuration list for PBXNativeTarget "Clutch" */;
			buildPhases = (
				19A39F941AD6AC4C0052AEB8 /* Sources */,
				19A39F951AD6AC4C0052AEB8 /* Frameworks */,
				19A39F961AD6AC4C0052AEB8 /* Resources */,
			);
			buildRules = (
			);
			dependencies = (
			);
			name = Clutch;
			productName = Clutch;
			productReference = 19A39F981AD6AC4C0052AEB8 /* Clutch.app */;
			productType = "com.apple.product-type.application";
		};
		19A39FAC1AD6AC4C0052AEB8 /* ClutchTests */ = {
			isa = PBXNativeTarget;
			buildConfigurationList = 19A39FBA1AD6AC4C0052AEB8 /* Build configuration list for PBXNativeTarget "ClutchTests" */;
			buildPhases = (
				19A39FA91AD6AC4C0052AEB8 /* Sources */,
				19A39FAA1AD6AC4C0052AEB8 /* Frameworks */,
				19A39FAB1AD6AC4C0052AEB8 /* Resources */,
			);
			buildRules = (
			);
			dependencies = (
				19A39FAF1AD6AC4C0052AEB8 /* PBXTargetDependency */,
			);
			name = ClutchTests;
			productName = ClutchTests;
			productReference = 19A39FAD1AD6AC4C0052AEB8 /* ClutchTests.xctest */;
			productType = "com.apple.product-type.bundle.unit-test";
		};
/* End PBXNativeTarget section */

/* Begin PBXProject section */
		19A39F901AD6AC4C0052AEB8 /* Project object */ = {
			isa = PBXProject;
			attributes = {
				LastUpgradeCheck = 0630;
				ORGANIZATIONNAME = clintApps;
				TargetAttributes = {
					19A39F971AD6AC4C0052AEB8 = {
						CreatedOnToolsVersion = 6.3;
					};
					19A39FAC1AD6AC4C0052AEB8 = {
						CreatedOnToolsVersion = 6.3;
						TestTargetID = 19A39F971AD6AC4C0052AEB8;
					};
				};
			};
			buildConfigurationList = 19A39F931AD6AC4C0052AEB8 /* Build configuration list for PBXProject "Clutch" */;
			compatibilityVersion = "Xcode 3.2";
			developmentRegion = English;
			hasScannedForEncodings = 0;
			knownRegions = (
				en,
				Base,
			);
			mainGroup = 19A39F8F1AD6AC4C0052AEB8;
			productRefGroup = 19A39F991AD6AC4C0052AEB8 /* Products */;
			projectDirPath = "";
			projectRoot = "";
			targets = (
				19A39F971AD6AC4C0052AEB8 /* Clutch */,
				19A39FAC1AD6AC4C0052AEB8 /* ClutchTests */,
			);
		};
/* End PBXProject section */

/* Begin PBXResourcesBuildPhase section */
		19A39F961AD6AC4C0052AEB8 /* Resources */ = {
			isa = PBXResourcesBuildPhase;
			buildActionMask = 2147483647;
			files = (
				19E7D7CD1AD858B7001D972F /* carholder.png in Resources */,
				19E7AFDF1B0D23AE00C34AAB /* home.png in Resources */,
				19E7AFE31B0D25A100C34AAB /* search.png in Resources */,
				19BD2D9B1B1E61490028D8D3 /* Main.storyboard in Resources */,
				19A39FA81AD6AC4C0052AEB8 /* LaunchScreen.xib in Resources */,
				1992C7B01B65A75300FEF8B4 /* x.gif in Resources */,
				19A39FA51AD6AC4C0052AEB8 /* Images.xcassets in Resources */,
				19E7AFE71B0D2C0C00C34AAB /* person.png in Resources */,
				19E7D79A1AD84369001D972F /* Splash Screen 2.png in Resources */,
				1992C7B31B65AC7C00FEF8B4 /* leftarrow.png in Resources */,
				1992C7B41B65AC7C00FEF8B4 /* rightarrow.png in Resources */,
				19E7AFE51B0D262500C34AAB /* list.png in Resources */,
			);
			runOnlyForDeploymentPostprocessing = 0;
		};
		19A39FAB1AD6AC4C0052AEB8 /* Resources */ = {
			isa = PBXResourcesBuildPhase;
			buildActionMask = 2147483647;
			files = (
			);
			runOnlyForDeploymentPostprocessing = 0;
		};
/* End PBXResourcesBuildPhase section */

/* Begin PBXSourcesBuildPhase section */
		19A39F941AD6AC4C0052AEB8 /* Sources */ = {
			isa = PBXSourcesBuildPhase;
			buildActionMask = 2147483647;
			files = (
				19267F7E1AF6AE100019234A /* modelCell.swift in Sources */,
				19BD2D971B1E5E320028D8D3 /* multipleCell.swift in Sources */,
				19267F8A1AF9330C0019234A /* navigation.swift in Sources */,
				19A39F9E1AD6AC4C0052AEB8 /* AppDelegate.swift in Sources */,
				19184FFA1AE0791200056921 /* manufacturerCell.swift in Sources */,
				19E7D7D11ADC1BBF001D972F /* manufacturers.swift in Sources */,
				19BD2D951B1E5C860028D8D3 /* multiple.swift in Sources */,
				19267F7C1AF69CD30019234A /* models.swift in Sources */,
				19267FBA1AFACBD30019234A /* modelDetail.swift in Sources */,
			);
			runOnlyForDeploymentPostprocessing = 0;
		};
		19A39FA91AD6AC4C0052AEB8 /* Sources */ = {
			isa = PBXSourcesBuildPhase;
			buildActionMask = 2147483647;
			files = (
				19A39FB41AD6AC4C0052AEB8 /* ClutchTests.swift in Sources */,
			);
			runOnlyForDeploymentPostprocessing = 0;
		};
/* End PBXSourcesBuildPhase section */

/* Begin PBXTargetDependency section */
		19A39FAF1AD6AC4C0052AEB8 /* PBXTargetDependency */ = {
			isa = PBXTargetDependency;
			target = 19A39F971AD6AC4C0052AEB8 /* Clutch */;
			targetProxy = 19A39FAE1AD6AC4C0052AEB8 /* PBXContainerItemProxy */;
		};
/* End PBXTargetDependency section */

/* Begin PBXVariantGroup section */
		19A39FA61AD6AC4C0052AEB8 /* LaunchScreen.xib */ = {
			isa = PBXVariantGroup;
			children = (
				19A39FA71AD6AC4C0052AEB8 /* Base */,
			);
			name = LaunchScreen.xib;
			sourceTree = "<group>";
		};
/* End PBXVariantGroup section */

/* Begin XCBuildConfiguration section */
		19A39FB51AD6AC4C0052AEB8 /* Debug */ = {
			isa = XCBuildConfiguration;
			buildSettings = {
				ALWAYS_SEARCH_USER_PATHS = NO;
				CLANG_CXX_LANGUAGE_STANDARD = "gnu++0x";
				CLANG_CXX_LIBRARY = "libc++";
				CLANG_ENABLE_MODULES = YES;
				CLANG_ENABLE_OBJC_ARC = YES;
				CLANG_WARN_BOOL_CONVERSION = YES;
				CLANG_WARN_CONSTANT_CONVERSION = YES;
				CLANG_WARN_DIRECT_OBJC_ISA_USAGE = YES_ERROR;
				CLANG_WARN_EMPTY_BODY = YES;
				CLANG_WARN_ENUM_CONVERSION = YES;
				CLANG_WARN_INT_CONVERSION = YES;
				CLANG_WARN_OBJC_ROOT_CLASS = YES_ERROR;
				CLANG_WARN_UNREACHABLE_CODE = YES;
				CLANG_WARN__DUPLICATE_METHOD_MATCH = YES;
				"CODE_SIGN_IDENTITY[sdk=iphoneos*]" = "iPhone Developer";
				COPY_PHASE_STRIP = NO;
				DEBUG_INFORMATION_FORMAT = "dwarf-with-dsym";
				ENABLE_STRICT_OBJC_MSGSEND = YES;
				GCC_C_LANGUAGE_STANDARD = gnu99;
				GCC_DYNAMIC_NO_PIC = NO;
				GCC_NO_COMMON_BLOCKS = YES;
				GCC_OPTIMIZATION_LEVEL = 0;
				GCC_PREPROCESSOR_DEFINITIONS = (
					"DEBUG=1",
					"$(inherited)",
				);
				GCC_SYMBOLS_PRIVATE_EXTERN = NO;
				GCC_WARN_64_TO_32_BIT_CONVERSION = YES;
				GCC_WARN_ABOUT_RETURN_TYPE = YES_ERROR;
				GCC_WARN_UNDECLARED_SELECTOR = YES;
				GCC_WARN_UNINITIALIZED_AUTOS = YES_AGGRESSIVE;
				GCC_WARN_UNUSED_FUNCTION = YES;
				GCC_WARN_UNUSED_VARIABLE = YES;
				IPHONEOS_DEPLOYMENT_TARGET = 8.3;
				MTL_ENABLE_DEBUG_INFO = YES;
				ONLY_ACTIVE_ARCH = YES;
				SDKROOT = iphoneos;
				SWIFT_OPTIMIZATION_LEVEL = "-Onone";
			};
			name = Debug;
		};
		19A39FB61AD6AC4C0052AEB8 /* Release */ = {
			isa = XCBuildConfiguration;
			buildSettings = {
				ALWAYS_SEARCH_USER_PATHS = NO;
				CLANG_CXX_LANGUAGE_STANDARD = "gnu++0x";
				CLANG_CXX_LIBRARY = "libc++";
				CLANG_ENABLE_MODULES = YES;
				CLANG_ENABLE_OBJC_ARC = YES;
				CLANG_WARN_BOOL_CONVERSION = YES;
				CLANG_WARN_CONSTANT_CONVERSION = YES;
				CLANG_WARN_DIRECT_OBJC_ISA_USAGE = YES_ERROR;
				CLANG_WARN_EMPTY_BODY = YES;
				CLANG_WARN_ENUM_CONVERSION = YES;
				CLANG_WARN_INT_CONVERSION = YES;
				CLANG_WARN_OBJC_ROOT_CLASS = YES_ERROR;
				CLANG_WARN_UNREACHABLE_CODE = YES;
				CLANG_WARN__DUPLICATE_METHOD_MATCH = YES;
				"CODE_SIGN_IDENTITY[sdk=iphoneos*]" = "iPhone Developer";
				COPY_PHASE_STRIP = NO;
				DEBUG_INFORMATION_FORMAT = "dwarf-with-dsym";
				ENABLE_NS_ASSERTIONS = NO;
				ENABLE_STRICT_OBJC_MSGSEND = YES;
				GCC_C_LANGUAGE_STANDARD = gnu99;
				GCC_NO_COMMON_BLOCKS = YES;
				GCC_WARN_64_TO_32_BIT_CONVERSION = YES;
				GCC_WARN_ABOUT_RETURN_TYPE = YES_ERROR;
				GCC_WARN_UNDECLARED_SELECTOR = YES;
				GCC_WARN_UNINITIALIZED_AUTOS = YES_AGGRESSIVE;
				GCC_WARN_UNUSED_FUNCTION = YES;
				GCC_WARN_UNUSED_VARIABLE = YES;
				IPHONEOS_DEPLOYMENT_TARGET = 8.3;
				MTL_ENABLE_DEBUG_INFO = NO;
				SDKROOT = iphoneos;
				VALIDATE_PRODUCT = YES;
			};
			name = Release;
		};
		19A39FB81AD6AC4C0052AEB8 /* Debug */ = {
			isa = XCBuildConfiguration;
			buildSettings = {
				ASSETCATALOG_COMPILER_APPICON_NAME = AppIcon;
				FRAMEWORK_SEARCH_PATHS = (
					"$(inherited)",
					"$(PROJECT_DIR)/Clutch",
					"$(PROJECT_DIR)",
				);
				INFOPLIST_FILE = Clutch/Info.plist;
				LD_RUNPATH_SEARCH_PATHS = "$(inherited) @executable_path/Frameworks";
				PRODUCT_NAME = "$(TARGET_NAME)";
			};
			name = Debug;
		};
		19A39FB91AD6AC4C0052AEB8 /* Release */ = {
			isa = XCBuildConfiguration;
			buildSettings = {
				ASSETCATALOG_COMPILER_APPICON_NAME = AppIcon;
				FRAMEWORK_SEARCH_PATHS = (
					"$(inherited)",
					"$(PROJECT_DIR)/Clutch",
					"$(PROJECT_DIR)",
				);
				INFOPLIST_FILE = Clutch/Info.plist;
				LD_RUNPATH_SEARCH_PATHS = "$(inherited) @executable_path/Frameworks";
				PRODUCT_NAME = "$(TARGET_NAME)";
			};
			name = Release;
		};
		19A39FBB1AD6AC4C0052AEB8 /* Debug */ = {
			isa = XCBuildConfiguration;
			buildSettings = {
				BUNDLE_LOADER = "$(TEST_HOST)";
				FRAMEWORK_SEARCH_PATHS = (
					"$(SDKROOT)/Developer/Library/Frameworks",
					"$(inherited)",
				);
				GCC_PREPROCESSOR_DEFINITIONS = (
					"DEBUG=1",
					"$(inherited)",
				);
				INFOPLIST_FILE = ClutchTests/Info.plist;
				LD_RUNPATH_SEARCH_PATHS = "$(inherited) @executable_path/Frameworks @loader_path/Frameworks";
				PRODUCT_NAME = "$(TARGET_NAME)";
				TEST_HOST = "$(BUILT_PRODUCTS_DIR)/Clutch.app/Clutch";
			};
			name = Debug;
		};
		19A39FBC1AD6AC4C0052AEB8 /* Release */ = {
			isa = XCBuildConfiguration;
			buildSettings = {
				BUNDLE_LOADER = "$(TEST_HOST)";
				FRAMEWORK_SEARCH_PATHS = (
					"$(SDKROOT)/Developer/Library/Frameworks",
					"$(inherited)",
				);
				INFOPLIST_FILE = ClutchTests/Info.plist;
				LD_RUNPATH_SEARCH_PATHS = "$(inherited) @executable_path/Frameworks @loader_path/Frameworks";
				PRODUCT_NAME = "$(TARGET_NAME)";
				TEST_HOST = "$(BUILT_PRODUCTS_DIR)/Clutch.app/Clutch";
			};
			name = Release;
		};
/* End XCBuildConfiguration section */

/* Begin XCConfigurationList section */
		19A39F931AD6AC4C0052AEB8 /* Build configuration list for PBXProject "Clutch" */ = {
			isa = XCConfigurationList;
			buildConfigurations = (
				19A39FB51AD6AC4C0052AEB8 /* Debug */,
				19A39FB61AD6AC4C0052AEB8 /* Release */,
			);
			defaultConfigurationIsVisible = 0;
			defaultConfigurationName = Release;
		};
		19A39FB71AD6AC4C0052AEB8 /* Build configuration list for PBXNativeTarget "Clutch" */ = {
			isa = XCConfigurationList;
			buildConfigurations = (
				19A39FB81AD6AC4C0052AEB8 /* Debug */,
				19A39FB91AD6AC4C0052AEB8 /* Release */,
			);
			defaultConfigurationIsVisible = 0;
			defaultConfigurationName = Release;
		};
		19A39FBA1AD6AC4C0052AEB8 /* Build configuration list for PBXNativeTarget "ClutchTests" */ = {
			isa = XCConfigurationList;
			buildConfigurations = (
				19A39FBB1AD6AC4C0052AEB8 /* Debug */,
				19A39FBC1AD6AC4C0052AEB8 /* Release */,
			);
			defaultConfigurationIsVisible = 0;
			defaultConfigurationName = Release;
		};
/* End XCConfigurationList section */
	};
	rootObject = 19A39F901AD6AC4C0052AEB8 /* Project object */;
}
